
Microsoft Visual Studio Solution File, Format Version 12.00
# Visual Studio 15
Project("{FAE04EC0-301F-11D3-BF4B-00C04F79EFBC}") = "Assembly-CSharp", "Assembly-CSharp.csproj", "{F11F670F-3F5D-CC57-7FB0-02826CD8464D}"
EndProject
Project("{FAE04EC0-301F-11D3-BF4B-00C04F79EFBC}") = "Assembly-CSharp-Editor", "Assembly-CSharp-Editor.csproj", "{52FD9F04-EDD7-DCB0-9A23-587D218B598D}"
EndProject
Global
	GlobalSection(SolutionConfigurationPlatforms) = preSolution
		Debug|Any CPU = Debug|Any CPU
		Release|Any CPU = Release|Any CPU
	EndGlobalSection
	GlobalSection(ProjectConfigurationPlatforms) = postSolution
		{F11F670F-3F5D-CC57-7FB0-02826CD8464D}.Debug|Any CPU.ActiveCfg = Debug|Any CPU
		{F11F670F-3F5D-CC57-7FB0-02826CD8464D}.Debug|Any CPU.Build.0 = Debug|Any CPU
		{F11F670F-3F5D-CC57-7FB0-02826CD8464D}.Release|Any CPU.ActiveCfg = Release|Any CPU
		{F11F670F-3F5D-CC57-7FB0-02826CD8464D}.Release|Any CPU.Build.0 = Release|Any CPU
		{52FD9F04-EDD7-DCB0-9A23-587D218B598D}.Debug|Any CPU.ActiveCfg = Debug|Any CPU
		{52FD9F04-EDD7-DCB0-9A23-587D218B598D}.Debug|Any CPU.Build.0 = Debug|Any CPU
		{52FD9F04-EDD7-DCB0-9A23-587D218B598D}.Release|Any CPU.ActiveCfg = Release|Any CPU
		{52FD9F04-EDD7-DCB0-9A23-587D218B598D}.Release|Any CPU.Build.0 = Release|Any CPU
	EndGlobalSection
	GlobalSection(SolutionProperties) = preSolution
		HideSolutionNode = FALSE
	EndGlobalSection
EndGlobal
